// !$*UTF8*$!
{
	archiveVersion = 1;
	classes = {
	};
	objectVersion = 56;
	objects = {

/* Begin PBXBuildFile section */
		D27658EC296DC85800CF8874 /* CategoriesViewController.swift in Sources */ = {isa = PBXBuildFile; fileRef = D27658EB296DC85800CF8874 /* CategoriesViewController.swift */; };
		D27658EE296DC86D00CF8874 /* SearchViewController.swift in Sources */ = {isa = PBXBuildFile; fileRef = D27658ED296DC86D00CF8874 /* SearchViewController.swift */; };
		D27658F0296DC87B00CF8874 /* CountriesViewController.swift in Sources */ = {isa = PBXBuildFile; fileRef = D27658EF296DC87B00CF8874 /* CountriesViewController.swift */; };
		D27658F2296DC88A00CF8874 /* CountrySelectionViewController.swift in Sources */ = {isa = PBXBuildFile; fileRef = D27658F1296DC88A00CF8874 /* CountrySelectionViewController.swift */; };
		D27658F4296DC89F00CF8874 /* HeadlinesViewController.swift in Sources */ = {isa = PBXBuildFile; fileRef = D27658F3296DC89F00CF8874 /* HeadlinesViewController.swift */; };
		D27658F7296DCF6900CF8874 /* HeadlinesCollectionViewCell.swift in Sources */ = {isa = PBXBuildFile; fileRef = D27658F6296DCF6900CF8874 /* HeadlinesCollectionViewCell.swift */; };
		D27658F9296DD84B00CF8874 /* CategoriesCollectionViewCell.swift in Sources */ = {isa = PBXBuildFile; fileRef = D27658F8296DD84B00CF8874 /* CategoriesCollectionViewCell.swift */; };
		D27658FB296DD85A00CF8874 /* SearchCollectionViewCell.swift in Sources */ = {isa = PBXBuildFile; fileRef = D27658FA296DD85A00CF8874 /* SearchCollectionViewCell.swift */; };
		D27658FD296E12A900CF8874 /* Countrites.swift in Sources */ = {isa = PBXBuildFile; fileRef = D27658FC296E12A900CF8874 /* Countrites.swift */; };
		D27658FF296E142500CF8874 /* NewsAPI.swift in Sources */ = {isa = PBXBuildFile; fileRef = D27658FE296E142500CF8874 /* NewsAPI.swift */; };
		D2765901296E23E900CF8874 /* NewsResponse.swift in Sources */ = {isa = PBXBuildFile; fileRef = D2765900296E23E900CF8874 /* NewsResponse.swift */; };
		D2765903296E243B00CF8874 /* Article.swift in Sources */ = {isa = PBXBuildFile; fileRef = D2765902296E243B00CF8874 /* Article.swift */; };
		D2765905296E24C500CF8874 /* Source.swift in Sources */ = {isa = PBXBuildFile; fileRef = D2765904296E24C500CF8874 /* Source.swift */; };
		D2765907296E259000CF8874 /* ErrorResponse.swift in Sources */ = {isa = PBXBuildFile; fileRef = D2765906296E259000CF8874 /* ErrorResponse.swift */; };
		D276590A296EF09B00CF8874 /* DataController.swift in Sources */ = {isa = PBXBuildFile; fileRef = D2765909296EF09B00CF8874 /* DataController.swift */; };
		D276590C296EF63500CF8874 /* TabBarViewController.swift in Sources */ = {isa = PBXBuildFile; fileRef = D276590B296EF63500CF8874 /* TabBarViewController.swift */; };
		D276590E296F2F3C00CF8874 /* SceneDelegate.swift in Sources */ = {isa = PBXBuildFile; fileRef = D276590D296F2F3C00CF8874 /* SceneDelegate.swift */; };
		D2EFF6BE296DAAAD009774B2 /* AppDelegate.swift in Sources */ = {isa = PBXBuildFile; fileRef = D2EFF6BD296DAAAD009774B2 /* AppDelegate.swift */; };
		D2EFF6C5296DAAAD009774B2 /* Main.storyboard in Resources */ = {isa = PBXBuildFile; fileRef = D2EFF6C3296DAAAD009774B2 /* Main.storyboard */; };
		D2EFF6C8296DAAAD009774B2 /* NewsApp.xcdatamodeld in Sources */ = {isa = PBXBuildFile; fileRef = D2EFF6C6296DAAAD009774B2 /* NewsApp.xcdatamodeld */; };
		D2EFF6CA296DAAAE009774B2 /* Assets.xcassets in Resources */ = {isa = PBXBuildFile; fileRef = D2EFF6C9296DAAAE009774B2 /* Assets.xcassets */; };
		D2EFF6CD296DAAAE009774B2 /* LaunchScreen.storyboard in Resources */ = {isa = PBXBuildFile; fileRef = D2EFF6CB296DAAAE009774B2 /* LaunchScreen.storyboard */; };
/* End PBXBuildFile section */

/* Begin PBXFileReference section */
		D27658EB296DC85800CF8874 /* CategoriesViewController.swift */ = {isa = PBXFileReference; lastKnownFileType = sourcecode.swift; path = CategoriesViewController.swift; sourceTree = "<group>"; };
		D27658ED296DC86D00CF8874 /* SearchViewController.swift */ = {isa = PBXFileReference; lastKnownFileType = sourcecode.swift; path = SearchViewController.swift; sourceTree = "<group>"; };
		D27658EF296DC87B00CF8874 /* CountriesViewController.swift */ = {isa = PBXFileReference; lastKnownFileType = sourcecode.swift; path = CountriesViewController.swift; sourceTree = "<group>"; };
		D27658F1296DC88A00CF8874 /* CountrySelectionViewController.swift */ = {isa = PBXFileReference; lastKnownFileType = sourcecode.swift; path = CountrySelectionViewController.swift; sourceTree = "<group>"; };
		D27658F3296DC89F00CF8874 /* HeadlinesViewController.swift */ = {isa = PBXFileReference; lastKnownFileType = sourcecode.swift; path = HeadlinesViewController.swift; sourceTree = "<group>"; };
		D27658F6296DCF6900CF8874 /* HeadlinesCollectionViewCell.swift */ = {isa = PBXFileReference; lastKnownFileType = sourcecode.swift; path = HeadlinesCollectionViewCell.swift; sourceTree = "<group>"; };
		D27658F8296DD84B00CF8874 /* CategoriesCollectionViewCell.swift */ = {isa = PBXFileReference; lastKnownFileType = sourcecode.swift; path = CategoriesCollectionViewCell.swift; sourceTree = "<group>"; };
		D27658FA296DD85A00CF8874 /* SearchCollectionViewCell.swift */ = {isa = PBXFileReference; lastKnownFileType = sourcecode.swift; path = SearchCollectionViewCell.swift; sourceTree = "<group>"; };
		D27658FC296E12A900CF8874 /* Countrites.swift */ = {isa = PBXFileReference; lastKnownFileType = sourcecode.swift; path = Countrites.swift; sourceTree = "<group>"; };
		D27658FE296E142500CF8874 /* NewsAPI.swift */ = {isa = PBXFileReference; lastKnownFileType = sourcecode.swift; path = NewsAPI.swift; sourceTree = "<group>"; };
		D2765900296E23E900CF8874 /* NewsResponse.swift */ = {isa = PBXFileReference; lastKnownFileType = sourcecode.swift; path = NewsResponse.swift; sourceTree = "<group>"; };
		D2765902296E243B00CF8874 /* Article.swift */ = {isa = PBXFileReference; lastKnownFileType = sourcecode.swift; path = Article.swift; sourceTree = "<group>"; };
		D2765904296E24C500CF8874 /* Source.swift */ = {isa = PBXFileReference; lastKnownFileType = sourcecode.swift; path = Source.swift; sourceTree = "<group>"; };
		D2765906296E259000CF8874 /* ErrorResponse.swift */ = {isa = PBXFileReference; lastKnownFileType = sourcecode.swift; path = ErrorResponse.swift; sourceTree = "<group>"; };
		D2765909296EF09B00CF8874 /* DataController.swift */ = {isa = PBXFileReference; lastKnownFileType = sourcecode.swift; path = DataController.swift; sourceTree = "<group>"; };
		D276590B296EF63500CF8874 /* TabBarViewController.swift */ = {isa = PBXFileReference; lastKnownFileType = sourcecode.swift; path = TabBarViewController.swift; sourceTree = "<group>"; };
		D276590D296F2F3C00CF8874 /* SceneDelegate.swift */ = {isa = PBXFileReference; fileEncoding = 4; lastKnownFileType = sourcecode.swift; path = SceneDelegate.swift; sourceTree = "<group>"; };
		D2EFF6BA296DAAAD009774B2 /* NewsApp.app */ = {isa = PBXFileReference; explicitFileType = wrapper.application; includeInIndex = 0; path = NewsApp.app; sourceTree = BUILT_PRODUCTS_DIR; };
		D2EFF6BD296DAAAD009774B2 /* AppDelegate.swift */ = {isa = PBXFileReference; lastKnownFileType = sourcecode.swift; path = AppDelegate.swift; sourceTree = "<group>"; };
		D2EFF6C4296DAAAD009774B2 /* Base */ = {isa = PBXFileReference; lastKnownFileType = file.storyboard; name = Base; path = Base.lproj/Main.storyboard; sourceTree = "<group>"; };
		D2EFF6C7296DAAAD009774B2 /* NewsApp.xcdatamodel */ = {isa = PBXFileReference; lastKnownFileType = wrapper.xcdatamodel; path = NewsApp.xcdatamodel; sourceTree = "<group>"; };
		D2EFF6C9296DAAAE009774B2 /* Assets.xcassets */ = {isa = PBXFileReference; lastKnownFileType = folder.assetcatalog; path = Assets.xcassets; sourceTree = "<group>"; };
		D2EFF6CC296DAAAE009774B2 /* Base */ = {isa = PBXFileReference; lastKnownFileType = file.storyboard; name = Base; path = Base.lproj/LaunchScreen.storyboard; sourceTree = "<group>"; };
		D2EFF6CE296DAAAE009774B2 /* Info.plist */ = {isa = PBXFileReference; lastKnownFileType = text.plist.xml; path = Info.plist; sourceTree = "<group>"; };
/* End PBXFileReference section */

/* Begin PBXFrameworksBuildPhase section */
		D2EFF6B7296DAAAD009774B2 /* Frameworks */ = {
			isa = PBXFrameworksBuildPhase;
			buildActionMask = 2147483647;
			files = (
			);
			runOnlyForDeploymentPostprocessing = 0;
		};
/* End PBXFrameworksBuildPhase section */

/* Begin PBXGroup section */
		D27658F5296DCF2900CF8874 /* Cells */ = {
			isa = PBXGroup;
			children = (
				D27658F6296DCF6900CF8874 /* HeadlinesCollectionViewCell.swift */,
				D27658F8296DD84B00CF8874 /* CategoriesCollectionViewCell.swift */,
				D27658FA296DD85A00CF8874 /* SearchCollectionViewCell.swift */,
			);
			path = Cells;
			sourceTree = "<group>";
		};
		D2765908296EF07A00CF8874 /* CoreData */ = {
			isa = PBXGroup;
			children = (
				D2EFF6C6296DAAAD009774B2 /* NewsApp.xcdatamodeld */,
				D2765909296EF09B00CF8874 /* DataController.swift */,
			);
			path = CoreData;
			sourceTree = "<group>";
		};
		D2EFF6B1296DAAAD009774B2 = {
			isa = PBXGroup;
			children = (
				D2EFF6BC296DAAAD009774B2 /* NewsApp */,
				D2EFF6BB296DAAAD009774B2 /* Products */,
			);
			sourceTree = "<group>";
		};
		D2EFF6BB296DAAAD009774B2 /* Products */ = {
			isa = PBXGroup;
			children = (
				D2EFF6BA296DAAAD009774B2 /* NewsApp.app */,
			);
			name = Products;
			sourceTree = "<group>";
		};
		D2EFF6BC296DAAAD009774B2 /* NewsApp */ = {
			isa = PBXGroup;
			children = (
				D2EFF6DA296DBD02009774B2 /* App */,
				D2EFF6DB296DBD0A009774B2 /* Supporting Files */,
				D2EFF6D4296DBCB0009774B2 /* Model */,
				D2EFF6D6296DBCBB009774B2 /* Controller */,
				D2EFF6D5296DBCB5009774B2 /* View */,
			);
			path = NewsApp;
			sourceTree = "<group>";
		};
		D2EFF6D4296DBCB0009774B2 /* Model */ = {
			isa = PBXGroup;
			children = (
				D2765908296EF07A00CF8874 /* CoreData */,
				D2EFF6D9296DBCEA009774B2 /* Responses */,
				D2EFF6D8296DBCE1009774B2 /* API */,
				D2EFF6D7296DBCDA009774B2 /* Data */,
			);
			path = Model;
			sourceTree = "<group>";
		};
		D2EFF6D5296DBCB5009774B2 /* View */ = {
			isa = PBXGroup;
			children = (
				D2EFF6C3296DAAAD009774B2 /* Main.storyboard */,
				D2EFF6C9296DAAAE009774B2 /* Assets.xcassets */,
				D2EFF6CB296DAAAE009774B2 /* LaunchScreen.storyboard */,
			);
			path = View;
			sourceTree = "<group>";
		};
		D2EFF6D6296DBCBB009774B2 /* Controller */ = {
			isa = PBXGroup;
			children = (
				D27658F5296DCF2900CF8874 /* Cells */,
				D27658F1296DC88A00CF8874 /* CountrySelectionViewController.swift */,
				D276590B296EF63500CF8874 /* TabBarViewController.swift */,
				D27658F3296DC89F00CF8874 /* HeadlinesViewController.swift */,
				D27658EB296DC85800CF8874 /* CategoriesViewController.swift */,
				D27658ED296DC86D00CF8874 /* SearchViewController.swift */,
				D27658EF296DC87B00CF8874 /* CountriesViewController.swift */,
			);
			path = Controller;
			sourceTree = "<group>";
		};
		D2EFF6D7296DBCDA009774B2 /* Data */ = {
			isa = PBXGroup;
			children = (
				D27658FC296E12A900CF8874 /* Countrites.swift */,
			);
			path = Data;
			sourceTree = "<group>";
		};
		D2EFF6D8296DBCE1009774B2 /* API */ = {
			isa = PBXGroup;
			children = (
				D27658FE296E142500CF8874 /* NewsAPI.swift */,
			);
			path = API;
			sourceTree = "<group>";
		};
		D2EFF6D9296DBCEA009774B2 /* Responses */ = {
			isa = PBXGroup;
			children = (
				D2765900296E23E900CF8874 /* NewsResponse.swift */,
				D2765902296E243B00CF8874 /* Article.swift */,
				D2765904296E24C500CF8874 /* Source.swift */,
				D2765906296E259000CF8874 /* ErrorResponse.swift */,
			);
			path = Responses;
			sourceTree = "<group>";
		};
		D2EFF6DA296DBD02009774B2 /* App */ = {
			isa = PBXGroup;
			children = (
				D276590D296F2F3C00CF8874 /* SceneDelegate.swift */,
				D2EFF6BD296DAAAD009774B2 /* AppDelegate.swift */,
			);
			path = App;
			sourceTree = "<group>";
		};
		D2EFF6DB296DBD0A009774B2 /* Supporting Files */ = {
			isa = PBXGroup;
			children = (
				D2EFF6CE296DAAAE009774B2 /* Info.plist */,
			);
			path = "Supporting Files";
			sourceTree = "<group>";
		};
/* End PBXGroup section */

/* Begin PBXNativeTarget section */
		D2EFF6B9296DAAAD009774B2 /* NewsApp */ = {
			isa = PBXNativeTarget;
			buildConfigurationList = D2EFF6D1296DAAAE009774B2 /* Build configuration list for PBXNativeTarget "NewsApp" */;
			buildPhases = (
				D2EFF6B6296DAAAD009774B2 /* Sources */,
				D2EFF6B7296DAAAD009774B2 /* Frameworks */,
				D2EFF6B8296DAAAD009774B2 /* Resources */,
			);
			buildRules = (
			);
			dependencies = (
			);
			name = NewsApp;
			productName = NewsApp;
			productReference = D2EFF6BA296DAAAD009774B2 /* NewsApp.app */;
			productType = "com.apple.product-type.application";
		};
/* End PBXNativeTarget section */

/* Begin PBXProject section */
		D2EFF6B2296DAAAD009774B2 /* Project object */ = {
			isa = PBXProject;
			attributes = {
				BuildIndependentTargetsInParallel = 1;
				LastSwiftUpdateCheck = 1410;
				LastUpgradeCheck = 1410;
				TargetAttributes = {
					D2EFF6B9296DAAAD009774B2 = {
						CreatedOnToolsVersion = 14.1;
					};
				};
			};
			buildConfigurationList = D2EFF6B5296DAAAD009774B2 /* Build configuration list for PBXProject "NewsApp" */;
			compatibilityVersion = "Xcode 14.0";
			developmentRegion = en;
			hasScannedForEncodings = 0;
			knownRegions = (
				en,
				Base,
			);
			mainGroup = D2EFF6B1296DAAAD009774B2;
			productRefGroup = D2EFF6BB296DAAAD009774B2 /* Products */;
			projectDirPath = "";
			projectRoot = "";
			targets = (
				D2EFF6B9296DAAAD009774B2 /* NewsApp */,
			);
		};
/* End PBXProject section */

/* Begin PBXResourcesBuildPhase section */
		D2EFF6B8296DAAAD009774B2 /* Resources */ = {
			isa = PBXResourcesBuildPhase;
			buildActionMask = 2147483647;
			files = (
				D2EFF6CD296DAAAE009774B2 /* LaunchScreen.storyboard in Resources */,
				D2EFF6CA296DAAAE009774B2 /* Assets.xcassets in Resources */,
				D2EFF6C5296DAAAD009774B2 /* Main.storyboard in Resources */,
			);
			runOnlyForDeploymentPostprocessing = 0;
		};
/* End PBXResourcesBuildPhase section */

/* Begin PBXSourcesBuildPhase section */
		D2EFF6B6296DAAAD009774B2 /* Sources */ = {
			isa = PBXSourcesBuildPhase;
			buildActionMask = 2147483647;
			files = (
				D27658F2296DC88A00CF8874 /* CountrySelectionViewController.swift in Sources */,
				D27658EE296DC86D00CF8874 /* SearchViewController.swift in Sources */,
				D27658FB296DD85A00CF8874 /* SearchCollectionViewCell.swift in Sources */,
				D27658F0296DC87B00CF8874 /* CountriesViewController.swift in Sources */,
				D2EFF6BE296DAAAD009774B2 /* AppDelegate.swift in Sources */,
				D27658F9296DD84B00CF8874 /* CategoriesCollectionViewCell.swift in Sources */,
				D27658F4296DC89F00CF8874 /* HeadlinesViewController.swift in Sources */,
				D2765907296E259000CF8874 /* ErrorResponse.swift in Sources */,
				D2765901296E23E900CF8874 /* NewsResponse.swift in Sources */,
				D2765905296E24C500CF8874 /* Source.swift in Sources */,
				D27658FD296E12A900CF8874 /* Countrites.swift in Sources */,
				D2EFF6C8296DAAAD009774B2 /* NewsApp.xcdatamodeld in Sources */,
				D27658F7296DCF6900CF8874 /* HeadlinesCollectionViewCell.swift in Sources */,
				D276590C296EF63500CF8874 /* TabBarViewController.swift in Sources */,
				D276590A296EF09B00CF8874 /* DataController.swift in Sources */,
				D27658EC296DC85800CF8874 /* CategoriesViewController.swift in Sources */,
				D276590E296F2F3C00CF8874 /* SceneDelegate.swift in Sources */,
				D27658FF296E142500CF8874 /* NewsAPI.swift in Sources */,
				D2765903296E243B00CF8874 /* Article.swift in Sources */,
			);
			runOnlyForDeploymentPostprocessing = 0;
		};
/* End PBXSourcesBuildPhase section */

/* Begin PBXVariantGroup section */
		D2EFF6C3296DAAAD009774B2 /* Main.storyboard */ = {
			isa = PBXVariantGroup;
			children = (
				D2EFF6C4296DAAAD009774B2 /* Base */,
			);
			name = Main.storyboard;
			sourceTree = "<group>";
		};
		D2EFF6CB296DAAAE009774B2 /* LaunchScreen.storyboard */ = {
			isa = PBXVariantGroup;
			children = (
				D2EFF6CC296DAAAE009774B2 /* Base */,
			);
			name = LaunchScreen.storyboard;
			sourceTree = "<group>";
		};
/* End PBXVariantGroup section */

/* Begin XCBuildConfiguration section */
		D2EFF6CF296DAAAE009774B2 /* Debug */ = {
			isa = XCBuildConfiguration;
			buildSettings = {
				ALWAYS_SEARCH_USER_PATHS = NO;
				CLANG_ANALYZER_NONNULL = YES;
				CLANG_ANALYZER_NUMBER_OBJECT_CONVERSION = YES_AGGRESSIVE;
				CLANG_CXX_LANGUAGE_STANDARD = "gnu++20";
				CLANG_ENABLE_MODULES = YES;
				CLANG_ENABLE_OBJC_ARC = YES;
				CLANG_ENABLE_OBJC_WEAK = YES;
				CLANG_WARN_BLOCK_CAPTURE_AUTORELEASING = YES;
				CLANG_WARN_BOOL_CONVERSION = YES;
				CLANG_WARN_COMMA = YES;
				CLANG_WARN_CONSTANT_CONVERSION = YES;
				CLANG_WARN_DEPRECATED_OBJC_IMPLEMENTATIONS = YES;
				CLANG_WARN_DIRECT_OBJC_ISA_USAGE = YES_ERROR;
				CLANG_WARN_DOCUMENTATION_COMMENTS = YES;
				CLANG_WARN_EMPTY_BODY = YES;
				CLANG_WARN_ENUM_CONVERSION = YES;
				CLANG_WARN_INFINITE_RECURSION = YES;
				CLANG_WARN_INT_CONVERSION = YES;
				CLANG_WARN_NON_LITERAL_NULL_CONVERSION = YES;
				CLANG_WARN_OBJC_IMPLICIT_RETAIN_SELF = YES;
				CLANG_WARN_OBJC_LITERAL_CONVERSION = YES;
				CLANG_WARN_OBJC_ROOT_CLASS = YES_ERROR;
				CLANG_WARN_QUOTED_INCLUDE_IN_FRAMEWORK_HEADER = YES;
				CLANG_WARN_RANGE_LOOP_ANALYSIS = YES;
				CLANG_WARN_STRICT_PROTOTYPES = YES;
				CLANG_WARN_SUSPICIOUS_MOVE = YES;
				CLANG_WARN_UNGUARDED_AVAILABILITY = YES_AGGRESSIVE;
				CLANG_WARN_UNREACHABLE_CODE = YES;
				CLANG_WARN__DUPLICATE_METHOD_MATCH = YES;
				COPY_PHASE_STRIP = NO;
				DEBUG_INFORMATION_FORMAT = dwarf;
				ENABLE_STRICT_OBJC_MSGSEND = YES;
				ENABLE_TESTABILITY = YES;
				GCC_C_LANGUAGE_STANDARD = gnu11;
				GCC_DYNAMIC_NO_PIC = NO;
				GCC_NO_COMMON_BLOCKS = YES;
				GCC_OPTIMIZATION_LEVEL = 0;
				GCC_PREPROCESSOR_DEFINITIONS = (
					"DEBUG=1",
					"$(inherited)",
				);
				GCC_WARN_64_TO_32_BIT_CONVERSION = YES;
				GCC_WARN_ABOUT_RETURN_TYPE = YES_ERROR;
				GCC_WARN_UNDECLARED_SELECTOR = YES;
				GCC_WARN_UNINITIALIZED_AUTOS = YES_AGGRESSIVE;
				GCC_WARN_UNUSED_FUNCTION = YES;
				GCC_WARN_UNUSED_VARIABLE = YES;
				IPHONEOS_DEPLOYMENT_TARGET = 16.1;
				MTL_ENABLE_DEBUG_INFO = INCLUDE_SOURCE;
				MTL_FAST_MATH = YES;
				ONLY_ACTIVE_ARCH = YES;
				SDKROOT = iphoneos;
				SWIFT_ACTIVE_COMPILATION_CONDITIONS = DEBUG;
				SWIFT_OPTIMIZATION_LEVEL = "-Onone";
			};
			name = Debug;
		};
		D2EFF6D0296DAAAE009774B2 /* Release */ = {
			isa = XCBuildConfiguration;
			buildSettings = {
				ALWAYS_SEARCH_USER_PATHS = NO;
				CLANG_ANALYZER_NONNULL = YES;
				CLANG_ANALYZER_NUMBER_OBJECT_CONVERSION = YES_AGGRESSIVE;
				CLANG_CXX_LANGUAGE_STANDARD = "gnu++20";
				CLANG_ENABLE_MODULES = YES;
				CLANG_ENABLE_OBJC_ARC = YES;
				CLANG_ENABLE_OBJC_WEAK = YES;
				CLANG_WARN_BLOCK_CAPTURE_AUTORELEASING = YES;
				CLANG_WARN_BOOL_CONVERSION = YES;
				CLANG_WARN_COMMA = YES;
				CLANG_WARN_CONSTANT_CONVERSION = YES;
				CLANG_WARN_DEPRECATED_OBJC_IMPLEMENTATIONS = YES;
				CLANG_WARN_DIRECT_OBJC_ISA_USAGE = YES_ERROR;
				CLANG_WARN_DOCUMENTATION_COMMENTS = YES;
				CLANG_WARN_EMPTY_BODY = YES;
				CLANG_WARN_ENUM_CONVERSION = YES;
				CLANG_WARN_INFINITE_RECURSION = YES;
				CLANG_WARN_INT_CONVERSION = YES;
				CLANG_WARN_NON_LITERAL_NULL_CONVERSION = YES;
				CLANG_WARN_OBJC_IMPLICIT_RETAIN_SELF = YES;
				CLANG_WARN_OBJC_LITERAL_CONVERSION = YES;
				CLANG_WARN_OBJC_ROOT_CLASS = YES_ERROR;
				CLANG_WARN_QUOTED_INCLUDE_IN_FRAMEWORK_HEADER = YES;
				CLANG_WARN_RANGE_LOOP_ANALYSIS = YES;
				CLANG_WARN_STRICT_PROTOTYPES = YES;
				CLANG_WARN_SUSPICIOUS_MOVE = YES;
				CLANG_WARN_UNGUARDED_AVAILABILITY = YES_AGGRESSIVE;
				CLANG_WARN_UNREACHABLE_CODE = YES;
				CLANG_WARN__DUPLICATE_METHOD_MATCH = YES;
				COPY_PHASE_STRIP = NO;
				DEBUG_INFORMATION_FORMAT = "dwarf-with-dsym";
				ENABLE_NS_ASSERTIONS = NO;
				ENABLE_STRICT_OBJC_MSGSEND = YES;
				GCC_C_LANGUAGE_STANDARD = gnu11;
				GCC_NO_COMMON_BLOCKS = YES;
				GCC_WARN_64_TO_32_BIT_CONVERSION = YES;
				GCC_WARN_ABOUT_RETURN_TYPE = YES_ERROR;
				GCC_WARN_UNDECLARED_SELECTOR = YES;
				GCC_WARN_UNINITIALIZED_AUTOS = YES_AGGRESSIVE;
				GCC_WARN_UNUSED_FUNCTION = YES;
				GCC_WARN_UNUSED_VARIABLE = YES;
				IPHONEOS_DEPLOYMENT_TARGET = 16.1;
				MTL_ENABLE_DEBUG_INFO = NO;
				MTL_FAST_MATH = YES;
				SDKROOT = iphoneos;
				SWIFT_COMPILATION_MODE = wholemodule;
				SWIFT_OPTIMIZATION_LEVEL = "-O";
				VALIDATE_PRODUCT = YES;
			};
			name = Release;
		};
		D2EFF6D2296DAAAE009774B2 /* Debug */ = {
			isa = XCBuildConfiguration;
			buildSettings = {
				ASSETCATALOG_COMPILER_APPICON_NAME = AppIcon;
				ASSETCATALOG_COMPILER_GLOBAL_ACCENT_COLOR_NAME = AccentColor;
				CODE_SIGN_STYLE = Automatic;
				CURRENT_PROJECT_VERSION = 1;
				GENERATE_INFOPLIST_FILE = YES;
				INFOPLIST_FILE = "NewsApp/Supporting Files/Info.plist";
				INFOPLIST_KEY_UIApplicationSupportsIndirectInputEvents = YES;
				INFOPLIST_KEY_UILaunchStoryboardName = LaunchScreen;
				INFOPLIST_KEY_UIMainStoryboardFile = Main;
				INFOPLIST_KEY_UISupportedInterfaceOrientations_iPad = "UIInterfaceOrientationPortrait UIInterfaceOrientationPortraitUpsideDown UIInterfaceOrientationLandscapeLeft UIInterfaceOrientationLandscapeRight";
				INFOPLIST_KEY_UISupportedInterfaceOrientations_iPhone = "UIInterfaceOrientationPortrait UIInterfaceOrientationLandscapeLeft UIInterfaceOrientationLandscapeRight";
				LD_RUNPATH_SEARCH_PATHS = (
					"$(inherited)",
					"@executable_path/Frameworks",
				);
				MARKETING_VERSION = 1.0;
				PRODUCT_BUNDLE_IDENTIFIER = com.kamilcal.NewsApp;
				PRODUCT_NAME = "$(TARGET_NAME)";
				SUPPORTED_PLATFORMS = "iphoneos iphonesimulator";
				SUPPORTS_MACCATALYST = NO;
				SUPPORTS_MAC_DESIGNED_FOR_IPHONE_IPAD = NO;
				SWIFT_EMIT_LOC_STRINGS = YES;
				SWIFT_VERSION = 5.0;
				TARGETED_DEVICE_FAMILY = 1;
			};
			name = Debug;
		};
		D2EFF6D3296DAAAE009774B2 /* Release */ = {
			isa = XCBuildConfiguration;
			buildSettings = {
				ASSETCATALOG_COMPILER_APPICON_NAME = AppIcon;
				ASSETCATALOG_COMPILER_GLOBAL_ACCENT_COLOR_NAME = AccentColor;
				CODE_SIGN_STYLE = Automatic;
				CURRENT_PROJECT_VERSION = 1;
				GENERATE_INFOPLIST_FILE = YES;
				INFOPLIST_FILE = "NewsApp/Supporting Files/Info.plist";
				INFOPLIST_KEY_UIApplicationSupportsIndirectInputEvents = YES;
				INFOPLIST_KEY_UILaunchStoryboardName = LaunchScreen;
				INFOPLIST_KEY_UIMainStoryboardFile = Main;
				INFOPLIST_KEY_UISupportedInterfaceOrientations_iPad = "UIInterfaceOrientationPortrait UIInterfaceOrientationPortraitUpsideDown UIInterfaceOrientationLandscapeLeft UIInterfaceOrientationLandscapeRight";
				INFOPLIST_KEY_UISupportedInterfaceOrientations_iPhone = "UIInterfaceOrientationPortrait UIInterfaceOrientationLandscapeLeft UIInterfaceOrientationLandscapeRight";
				LD_RUNPATH_SEARCH_PATHS = (
					"$(inherited)",
					"@executable_path/Frameworks",
				);
				MARKETING_VERSION = 1.0;
				PRODUCT_BUNDLE_IDENTIFIER = com.kamilcal.NewsApp;
				PRODUCT_NAME = "$(TARGET_NAME)";
				SUPPORTED_PLATFORMS = "iphoneos iphonesimulator";
				SUPPORTS_MACCATALYST = NO;
				SUPPORTS_MAC_DESIGNED_FOR_IPHONE_IPAD = NO;
				SWIFT_EMIT_LOC_STRINGS = YES;
				SWIFT_VERSION = 5.0;
				TARGETED_DEVICE_FAMILY = 1;
			};
			name = Release;
		};
/* End XCBuildConfiguration section */

/* Begin XCConfigurationList section */
		D2EFF6B5296DAAAD009774B2 /* Build configuration list for PBXProject "NewsApp" */ = {
			isa = XCConfigurationList;
			buildConfigurations = (
				D2EFF6CF296DAAAE009774B2 /* Debug */,
				D2EFF6D0296DAAAE009774B2 /* Release */,
			);
			defaultConfigurationIsVisible = 0;
			defaultConfigurationName = Release;
		};
		D2EFF6D1296DAAAE009774B2 /* Build configuration list for PBXNativeTarget "NewsApp" */ = {
			isa = XCConfigurationList;
			buildConfigurations = (
				D2EFF6D2296DAAAE009774B2 /* Debug */,
				D2EFF6D3296DAAAE009774B2 /* Release */,
			);
			defaultConfigurationIsVisible = 0;
			defaultConfigurationName = Release;
		};
/* End XCConfigurationList section */

/* Begin XCVersionGroup section */
		D2EFF6C6296DAAAD009774B2 /* NewsApp.xcdatamodeld */ = {
			isa = XCVersionGroup;
			children = (
				D2EFF6C7296DAAAD009774B2 /* NewsApp.xcdatamodel */,
			);
			currentVersion = D2EFF6C7296DAAAD009774B2 /* NewsApp.xcdatamodel */;
			path = NewsApp.xcdatamodeld;
			sourceTree = "<group>";
			versionGroupType = wrapper.xcdatamodel;
		};
/* End XCVersionGroup section */
	};
	rootObject = D2EFF6B2296DAAAD009774B2 /* Project object */;
}
